// !$*UTF8*$!
{
	archiveVersion = 1;
	classes = {
	};
	objectVersion = 46;
	objects = {

/* Begin PBXBuildFile section */
		4DF177F619B493A800B11DB6 /* Foundation.framework in Frameworks */ = {isa = PBXBuildFile; fileRef = 4DF177F519B493A800B11DB6 /* Foundation.framework */; };
		4DF177F819B493A800B11DB6 /* CoreGraphics.framework in Frameworks */ = {isa = PBXBuildFile; fileRef = 4DF177F719B493A800B11DB6 /* CoreGraphics.framework */; };
		4DF177FA19B493A800B11DB6 /* UIKit.framework in Frameworks */ = {isa = PBXBuildFile; fileRef = 4DF177F919B493A800B11DB6 /* UIKit.framework */; };
		4DF1780019B493A800B11DB6 /* InfoPlist.strings in Resources */ = {isa = PBXBuildFile; fileRef = 4DF177FE19B493A800B11DB6 /* InfoPlist.strings */; };
		4DF1780219B493A800B11DB6 /* main.m in Sources */ = {isa = PBXBuildFile; fileRef = 4DF1780119B493A800B11DB6 /* main.m */; };
		4DF1780619B493A800B11DB6 /* AppDelegate.m in Sources */ = {isa = PBXBuildFile; fileRef = 4DF1780519B493A800B11DB6 /* AppDelegate.m */; };
		4DF1780919B493A800B11DB6 /* Main_iPhone.storyboard in Resources */ = {isa = PBXBuildFile; fileRef = 4DF1780719B493A800B11DB6 /* Main_iPhone.storyboard */; };
		4DF1780C19B493A800B11DB6 /* Main_iPad.storyboard in Resources */ = {isa = PBXBuildFile; fileRef = 4DF1780A19B493A800B11DB6 /* Main_iPad.storyboard */; };
		4DF1780F19B493A800B11DB6 /* ViewController.m in Sources */ = {isa = PBXBuildFile; fileRef = 4DF1780E19B493A800B11DB6 /* ViewController.m */; };
		4DF1781119B493A800B11DB6 /* Images.xcassets in Resources */ = {isa = PBXBuildFile; fileRef = 4DF1781019B493A800B11DB6 /* Images.xcassets */; };
		4DF1781819B493A800B11DB6 /* XCTest.framework in Frameworks */ = {isa = PBXBuildFile; fileRef = 4DF1781719B493A800B11DB6 /* XCTest.framework */; };
		4DF1781919B493A800B11DB6 /* Foundation.framework in Frameworks */ = {isa = PBXBuildFile; fileRef = 4DF177F519B493A800B11DB6 /* Foundation.framework */; };
		4DF1781A19B493A800B11DB6 /* UIKit.framework in Frameworks */ = {isa = PBXBuildFile; fileRef = 4DF177F919B493A800B11DB6 /* UIKit.framework */; };
		4DF1782219B493A800B11DB6 /* InfoPlist.strings in Resources */ = {isa = PBXBuildFile; fileRef = 4DF1782019B493A800B11DB6 /* InfoPlist.strings */; };
		4DF1782419B493A800B11DB6 /* PartyRocketsMatomeTests.m in Sources */ = {isa = PBXBuildFile; fileRef = 4DF1782319B493A800B11DB6 /* PartyRocketsMatomeTests.m */; };
/* End PBXBuildFile section */

/* Begin PBXContainerItemProxy section */
		4DF1781B19B493A800B11DB6 /* PBXContainerItemProxy */ = {
			isa = PBXContainerItemProxy;
			containerPortal = 4DF177EA19B493A800B11DB6 /* Project object */;
			proxyType = 1;
			remoteGlobalIDString = 4DF177F119B493A800B11DB6;
			remoteInfo = PartyRocketsMatome;
		};
/* End PBXContainerItemProxy section */

/* Begin PBXFileReference section */
		4DF177F219B493A800B11DB6 /* PartyRocketsMatome.app */ = {isa = PBXFileReference; explicitFileType = wrapper.application; includeInIndex = 0; path = PartyRocketsMatome.app; sourceTree = BUILT_PRODUCTS_DIR; };
		4DF177F519B493A800B11DB6 /* Foundation.framework */ = {isa = PBXFileReference; lastKnownFileType = wrapper.framework; name = Foundation.framework; path = System/Library/Frameworks/Foundation.framework; sourceTree = SDKROOT; };
		4DF177F719B493A800B11DB6 /* CoreGraphics.framework */ = {isa = PBXFileReference; lastKnownFileType = wrapper.framework; name = CoreGraphics.framework; path = System/Library/Frameworks/CoreGraphics.framework; sourceTree = SDKROOT; };
		4DF177F919B493A800B11DB6 /* UIKit.framework */ = {isa = PBXFileReference; lastKnownFileType = wrapper.framework; name = UIKit.framework; path = System/Library/Frameworks/UIKit.framework; sourceTree = SDKROOT; };
		4DF177FD19B493A800B11DB6 /* PartyRocketsMatome-Info.plist */ = {isa = PBXFileReference; lastKnownFileType = text.plist.xml; path = "PartyRocketsMatome-Info.plist"; sourceTree = "<group>"; };
		4DF177FF19B493A800B11DB6 /* en */ = {isa = PBXFileReference; lastKnownFileType = text.plist.strings; name = en; path = en.lproj/InfoPlist.strings; sourceTree = "<group>"; };
		4DF1780119B493A800B11DB6 /* main.m */ = {isa = PBXFileReference; lastKnownFileType = sourcecode.c.objc; path = main.m; sourceTree = "<group>"; };
		4DF1780319B493A800B11DB6 /* PartyRocketsMatome-Prefix.pch */ = {isa = PBXFileReference; lastKnownFileType = sourcecode.c.h; path = "PartyRocketsMatome-Prefix.pch"; sourceTree = "<group>"; };
		4DF1780419B493A800B11DB6 /* AppDelegate.h */ = {isa = PBXFileReference; lastKnownFileType = sourcecode.c.h; path = AppDelegate.h; sourceTree = "<group>"; };
		4DF1780519B493A800B11DB6 /* AppDelegate.m */ = {isa = PBXFileReference; lastKnownFileType = sourcecode.c.objc; path = AppDelegate.m; sourceTree = "<group>"; };
		4DF1780819B493A800B11DB6 /* Base */ = {isa = PBXFileReference; lastKnownFileType = file.storyboard; name = Base; path = Base.lproj/Main_iPhone.storyboard; sourceTree = "<group>"; };
		4DF1780B19B493A800B11DB6 /* Base */ = {isa = PBXFileReference; lastKnownFileType = file.storyboard; name = Base; path = Base.lproj/Main_iPad.storyboard; sourceTree = "<group>"; };
		4DF1780D19B493A800B11DB6 /* ViewController.h */ = {isa = PBXFileReference; lastKnownFileType = sourcecode.c.h; path = ViewController.h; sourceTree = "<group>"; };
		4DF1780E19B493A800B11DB6 /* ViewController.m */ = {isa = PBXFileReference; lastKnownFileType = sourcecode.c.objc; path = ViewController.m; sourceTree = "<group>"; };
		4DF1781019B493A800B11DB6 /* Images.xcassets */ = {isa = PBXFileReference; lastKnownFileType = folder.assetcatalog; path = Images.xcassets; sourceTree = "<group>"; };
		4DF1781619B493A800B11DB6 /* PartyRocketsMatomeTests.xctest */ = {isa = PBXFileReference; explicitFileType = wrapper.cfbundle; includeInIndex = 0; path = PartyRocketsMatomeTests.xctest; sourceTree = BUILT_PRODUCTS_DIR; };
		4DF1781719B493A800B11DB6 /* XCTest.framework */ = {isa = PBXFileReference; lastKnownFileType = wrapper.framework; name = XCTest.framework; path = Library/Frameworks/XCTest.framework; sourceTree = DEVELOPER_DIR; };
		4DF1781F19B493A800B11DB6 /* PartyRocketsMatomeTests-Info.plist */ = {isa = PBXFileReference; lastKnownFileType = text.plist.xml; path = "PartyRocketsMatomeTests-Info.plist"; sourceTree = "<group>"; };
		4DF1782119B493A800B11DB6 /* en */ = {isa = PBXFileReference; lastKnownFileType = text.plist.strings; name = en; path = en.lproj/InfoPlist.strings; sourceTree = "<group>"; };
		4DF1782319B493A800B11DB6 /* PartyRocketsMatomeTests.m */ = {isa = PBXFileReference; lastKnownFileType = sourcecode.c.objc; path = PartyRocketsMatomeTests.m; sourceTree = "<group>"; };
/* End PBXFileReference section */

/* Begin PBXFrameworksBuildPhase section */
		4DF177EF19B493A800B11DB6 /* Frameworks */ = {
			isa = PBXFrameworksBuildPhase;
			buildActionMask = 2147483647;
			files = (
				4DF177F819B493A800B11DB6 /* CoreGraphics.framework in Frameworks */,
				4DF177FA19B493A800B11DB6 /* UIKit.framework in Frameworks */,
				4DF177F619B493A800B11DB6 /* Foundation.framework in Frameworks */,
			);
			runOnlyForDeploymentPostprocessing = 0;
		};
		4DF1781319B493A800B11DB6 /* Frameworks */ = {
			isa = PBXFrameworksBuildPhase;
			buildActionMask = 2147483647;
			files = (
				4DF1781819B493A800B11DB6 /* XCTest.framework in Frameworks */,
				4DF1781A19B493A800B11DB6 /* UIKit.framework in Frameworks */,
				4DF1781919B493A800B11DB6 /* Foundation.framework in Frameworks */,
			);
			runOnlyForDeploymentPostprocessing = 0;
		};
/* End PBXFrameworksBuildPhase section */

/* Begin PBXGroup section */
		4DF177E919B493A800B11DB6 = {
			isa = PBXGroup;
			children = (
				4DF177FB19B493A800B11DB6 /* PartyRocketsMatome */,
				4DF1781D19B493A800B11DB6 /* PartyRocketsMatomeTests */,
				4DF177F419B493A800B11DB6 /* Frameworks */,
				4DF177F319B493A800B11DB6 /* Products */,
			);
			sourceTree = "<group>";
		};
		4DF177F319B493A800B11DB6 /* Products */ = {
			isa = PBXGroup;
			children = (
				4DF177F219B493A800B11DB6 /* PartyRocketsMatome.app */,
				4DF1781619B493A800B11DB6 /* PartyRocketsMatomeTests.xctest */,
			);
			name = Products;
			sourceTree = "<group>";
		};
		4DF177F419B493A800B11DB6 /* Frameworks */ = {
			isa = PBXGroup;
			children = (
				4DF177F519B493A800B11DB6 /* Foundation.framework */,
				4DF177F719B493A800B11DB6 /* CoreGraphics.framework */,
				4DF177F919B493A800B11DB6 /* UIKit.framework */,
				4DF1781719B493A800B11DB6 /* XCTest.framework */,
			);
			name = Frameworks;
			sourceTree = "<group>";
		};
		4DF177FB19B493A800B11DB6 /* PartyRocketsMatome */ = {
			isa = PBXGroup;
			children = (
				4DF1780419B493A800B11DB6 /* AppDelegate.h */,
				4DF1780519B493A800B11DB6 /* AppDelegate.m */,
				4DF1780719B493A800B11DB6 /* Main_iPhone.storyboard */,
				4DF1780A19B493A800B11DB6 /* Main_iPad.storyboard */,
				4DF1780D19B493A800B11DB6 /* ViewController.h */,
				4DF1780E19B493A800B11DB6 /* ViewController.m */,
				4DF1781019B493A800B11DB6 /* Images.xcassets */,
				4DF177FC19B493A800B11DB6 /* Supporting Files */,
			);
			path = PartyRocketsMatome;
			sourceTree = "<group>";
		};
		4DF177FC19B493A800B11DB6 /* Supporting Files */ = {
			isa = PBXGroup;
			children = (
				4DF177FD19B493A800B11DB6 /* PartyRocketsMatome-Info.plist */,
				4DF177FE19B493A800B11DB6 /* InfoPlist.strings */,
				4DF1780119B493A800B11DB6 /* main.m */,
				4DF1780319B493A800B11DB6 /* PartyRocketsMatome-Prefix.pch */,
			);
			name = "Supporting Files";
			sourceTree = "<group>";
		};
		4DF1781D19B493A800B11DB6 /* PartyRocketsMatomeTests */ = {
			isa = PBXGroup;
			children = (
				4DF1782319B493A800B11DB6 /* PartyRocketsMatomeTests.m */,
				4DF1781E19B493A800B11DB6 /* Supporting Files */,
			);
			path = PartyRocketsMatomeTests;
			sourceTree = "<group>";
		};
		4DF1781E19B493A800B11DB6 /* Supporting Files */ = {
			isa = PBXGroup;
			children = (
				4DF1781F19B493A800B11DB6 /* PartyRocketsMatomeTests-Info.plist */,
				4DF1782019B493A800B11DB6 /* InfoPlist.strings */,
			);
			name = "Supporting Files";
			sourceTree = "<group>";
		};
/* End PBXGroup section */

/* Begin PBXNativeTarget section */
		4DF177F119B493A800B11DB6 /* PartyRocketsMatome */ = {
			isa = PBXNativeTarget;
			buildConfigurationList = 4DF1782719B493A800B11DB6 /* Build configuration list for PBXNativeTarget "PartyRocketsMatome" */;
			buildPhases = (
				4DF177EE19B493A800B11DB6 /* Sources */,
				4DF177EF19B493A800B11DB6 /* Frameworks */,
				4DF177F019B493A800B11DB6 /* Resources */,
			);
			buildRules = (
			);
			dependencies = (
			);
			name = PartyRocketsMatome;
			productName = PartyRocketsMatome;
			productReference = 4DF177F219B493A800B11DB6 /* PartyRocketsMatome.app */;
			productType = "com.apple.product-type.application";
		};
		4DF1781519B493A800B11DB6 /* PartyRocketsMatomeTests */ = {
			isa = PBXNativeTarget;
			buildConfigurationList = 4DF1782A19B493A800B11DB6 /* Build configuration list for PBXNativeTarget "PartyRocketsMatomeTests" */;
			buildPhases = (
				4DF1781219B493A800B11DB6 /* Sources */,
				4DF1781319B493A800B11DB6 /* Frameworks */,
				4DF1781419B493A800B11DB6 /* Resources */,
			);
			buildRules = (
			);
			dependencies = (
				4DF1781C19B493A800B11DB6 /* PBXTargetDependency */,
			);
			name = PartyRocketsMatomeTests;
			productName = PartyRocketsMatomeTests;
			productReference = 4DF1781619B493A800B11DB6 /* PartyRocketsMatomeTests.xctest */;
			productType = "com.apple.product-type.bundle.unit-test";
		};
/* End PBXNativeTarget section */

/* Begin PBXProject section */
		4DF177EA19B493A800B11DB6 /* Project object */ = {
			isa = PBXProject;
			attributes = {
				LastUpgradeCheck = 0510;
				ORGANIZATIONNAME = I.K;
				TargetAttributes = {
					4DF1781519B493A800B11DB6 = {
						TestTargetID = 4DF177F119B493A800B11DB6;
					};
				};
			};
			buildConfigurationList = 4DF177ED19B493A800B11DB6 /* Build configuration list for PBXProject "PartyRocketsMatome" */;
			compatibilityVersion = "Xcode 3.2";
			developmentRegion = English;
			hasScannedForEncodings = 0;
			knownRegions = (
				en,
				Base,
			);
			mainGroup = 4DF177E919B493A800B11DB6;
			productRefGroup = 4DF177F319B493A800B11DB6 /* Products */;
			projectDirPath = "";
			projectRoot = "";
			targets = (
				4DF177F119B493A800B11DB6 /* PartyRocketsMatome */,
				4DF1781519B493A800B11DB6 /* PartyRocketsMatomeTests */,
			);
		};
/* End PBXProject section */

/* Begin PBXResourcesBuildPhase section */
		4DF177F019B493A800B11DB6 /* Resources */ = {
			isa = PBXResourcesBuildPhase;
			buildActionMask = 2147483647;
			files = (
				4DF1780C19B493A800B11DB6 /* Main_iPad.storyboard in Resources */,
				4DF1781119B493A800B11DB6 /* Images.xcassets in Resources */,
				4DF1780919B493A800B11DB6 /* Main_iPhone.storyboard in Resources */,
				4DF1780019B493A800B11DB6 /* InfoPlist.strings in Resources */,
			);
			runOnlyForDeploymentPostprocessing = 0;
		};
		4DF1781419B493A800B11DB6 /* Resources */ = {
			isa = PBXResourcesBuildPhase;
			buildActionMask = 2147483647;
			files = (
				4DF1782219B493A800B11DB6 /* InfoPlist.strings in Resources */,
			);
			runOnlyForDeploymentPostprocessing = 0;
		};
/* End PBXResourcesBuildPhase section */

/* Begin PBXSourcesBuildPhase section */
		4DF177EE19B493A800B11DB6 /* Sources */ = {
			isa = PBXSourcesBuildPhase;
			buildActionMask = 2147483647;
			files = (
				4DF1780F19B493A800B11DB6 /* ViewController.m in Sources */,
				4DF1780619B493A800B11DB6 /* AppDelegate.m in Sources */,
				4DF1780219B493A800B11DB6 /* main.m in Sources */,
			);
			runOnlyForDeploymentPostprocessing = 0;
		};
		4DF1781219B493A800B11DB6 /* Sources */ = {
			isa = PBXSourcesBuildPhase;
			buildActionMask = 2147483647;
			files = (
				4DF1782419B493A800B11DB6 /* PartyRocketsMatomeTests.m in Sources */,
			);
			runOnlyForDeploymentPostprocessing = 0;
		};
/* End PBXSourcesBuildPhase section */

/* Begin PBXTargetDependency section */
		4DF1781C19B493A800B11DB6 /* PBXTargetDependency */ = {
			isa = PBXTargetDependency;
			target = 4DF177F119B493A800B11DB6 /* PartyRocketsMatome */;
			targetProxy = 4DF1781B19B493A800B11DB6 /* PBXContainerItemProxy */;
		};
/* End PBXTargetDependency section */

/* Begin PBXVariantGroup section */
		4DF177FE19B493A800B11DB6 /* InfoPlist.strings */ = {
			isa = PBXVariantGroup;
			children = (
				4DF177FF19B493A800B11DB6 /* en */,
			);
			name = InfoPlist.strings;
			sourceTree = "<group>";
		};
		4DF1780719B493A800B11DB6 /* Main_iPhone.storyboard */ = {
			isa = PBXVariantGroup;
			children = (
				4DF1780819B493A800B11DB6 /* Base */,
			);
			name = Main_iPhone.storyboard;
			sourceTree = "<group>";
		};
		4DF1780A19B493A800B11DB6 /* Main_iPad.storyboard */ = {
			isa = PBXVariantGroup;
			children = (
				4DF1780B19B493A800B11DB6 /* Base */,
			);
			name = Main_iPad.storyboard;
			sourceTree = "<group>";
		};
		4DF1782019B493A800B11DB6 /* InfoPlist.strings */ = {
			isa = PBXVariantGroup;
			children = (
				4DF1782119B493A800B11DB6 /* en */,
			);
			name = InfoPlist.strings;
			sourceTree = "<group>";
		};
/* End PBXVariantGroup section */

/* Begin XCBuildConfiguration section */
		4DF1782519B493A800B11DB6 /* Debug */ = {
			isa = XCBuildConfiguration;
			buildSettings = {
				ALWAYS_SEARCH_USER_PATHS = NO;
				CLANG_CXX_LANGUAGE_STANDARD = "gnu++0x";
				CLANG_CXX_LIBRARY = "libc++";
				CLANG_ENABLE_MODULES = YES;
				CLANG_ENABLE_OBJC_ARC = YES;
				CLANG_WARN_BOOL_CONVERSION = YES;
				CLANG_WARN_CONSTANT_CONVERSION = YES;
				CLANG_WARN_DIRECT_OBJC_ISA_USAGE = YES_ERROR;
				CLANG_WARN_EMPTY_BODY = YES;
				CLANG_WARN_ENUM_CONVERSION = YES;
				CLANG_WARN_INT_CONVERSION = YES;
				CLANG_WARN_OBJC_ROOT_CLASS = YES_ERROR;
				CLANG_WARN__DUPLICATE_METHOD_MATCH = YES;
				"CODE_SIGN_IDENTITY[sdk=iphoneos*]" = "iPhone Developer";
				COPY_PHASE_STRIP = NO;
				GCC_C_LANGUAGE_STANDARD = gnu99;
				GCC_DYNAMIC_NO_PIC = NO;
				GCC_OPTIMIZATION_LEVEL = 0;
				GCC_PREPROCESSOR_DEFINITIONS = (
					"DEBUG=1",
					"$(inherited)",
				);
				GCC_SYMBOLS_PRIVATE_EXTERN = NO;
				GCC_WARN_64_TO_32_BIT_CONVERSION = YES;
				GCC_WARN_ABOUT_RETURN_TYPE = YES_ERROR;
				GCC_WARN_UNDECLARED_SELECTOR = YES;
				GCC_WARN_UNINITIALIZED_AUTOS = YES_AGGRESSIVE;
				GCC_WARN_UNUSED_FUNCTION = YES;
				GCC_WARN_UNUSED_VARIABLE = YES;
				IPHONEOS_DEPLOYMENT_TARGET = 7.1;
				ONLY_ACTIVE_ARCH = YES;
				SDKROOT = iphoneos;
				TARGETED_DEVICE_FAMILY = "1,2";
			};
			name = Debug;
		};
		4DF1782619B493A800B11DB6 /* Release */ = {
			isa = XCBuildConfiguration;
			buildSettings = {
				ALWAYS_SEARCH_USER_PATHS = NO;
				CLANG_CXX_LANGUAGE_STANDARD = "gnu++0x";
				CLANG_CXX_LIBRARY = "libc++";
				CLANG_ENABLE_MODULES = YES;
				CLANG_ENABLE_OBJC_ARC = YES;
				CLANG_WARN_BOOL_CONVERSION = YES;
				CLANG_WARN_CONSTANT_CONVERSION = YES;
				CLANG_WARN_DIRECT_OBJC_ISA_USAGE = YES_ERROR;
				CLANG_WARN_EMPTY_BODY = YES;
				CLANG_WARN_ENUM_CONVERSION = YES;
				CLANG_WARN_INT_CONVERSION = YES;
				CLANG_WARN_OBJC_ROOT_CLASS = YES_ERROR;
				CLANG_WARN__DUPLICATE_METHOD_MATCH = YES;
				"CODE_SIGN_IDENTITY[sdk=iphoneos*]" = "iPhone Developer";
				COPY_PHASE_STRIP = YES;
				ENABLE_NS_ASSERTIONS = NO;
				GCC_C_LANGUAGE_STANDARD = gnu99;
				GCC_WARN_64_TO_32_BIT_CONVERSION = YES;
				GCC_WARN_ABOUT_RETURN_TYPE = YES_ERROR;
				GCC_WARN_UNDECLARED_SELECTOR = YES;
				GCC_WARN_UNINITIALIZED_AUTOS = YES_AGGRESSIVE;
				GCC_WARN_UNUSED_FUNCTION = YES;
				GCC_WARN_UNUSED_VARIABLE = YES;
				IPHONEOS_DEPLOYMENT_TARGET = 7.1;
				SDKROOT = iphoneos;
				TARGETED_DEVICE_FAMILY = "1,2";
				VALIDATE_PRODUCT = YES;
			};
			name = Release;
		};
		4DF1782819B493A800B11DB6 /* Debug */ = {
			isa = XCBuildConfiguration;
			buildSettings = {
				ASSETCATALOG_COMPILER_APPICON_NAME = AppIcon;
				ASSETCATALOG_COMPILER_LAUNCHIMAGE_NAME = LaunchImage;
				GCC_PRECOMPILE_PREFIX_HEADER = YES;
				GCC_PREFIX_HEADER = "PartyRocketsMatome/PartyRocketsMatome-Prefix.pch";
				INFOPLIST_FILE = "PartyRocketsMatome/PartyRocketsMatome-Info.plist";
				PRODUCT_NAME = "$(TARGET_NAME)";
				WRAPPER_EXTENSION = app;
			};
			name = Debug;
		};
		4DF1782919B493A800B11DB6 /* Release */ = {
			isa = XCBuildConfiguration;
			buildSettings = {
				ASSETCATALOG_COMPILER_APPICON_NAME = AppIcon;
				ASSETCATALOG_COMPILER_LAUNCHIMAGE_NAME = LaunchImage;
				GCC_PRECOMPILE_PREFIX_HEADER = YES;
				GCC_PREFIX_HEADER = "PartyRocketsMatome/PartyRocketsMatome-Prefix.pch";
				INFOPLIST_FILE = "PartyRocketsMatome/PartyRocketsMatome-Info.plist";
				PRODUCT_NAME = "$(TARGET_NAME)";
				WRAPPER_EXTENSION = app;
			};
			name = Release;
		};
		4DF1782B19B493A800B11DB6 /* Debug */ = {
			isa = XCBuildConfiguration;
			buildSettings = {
				BUNDLE_LOADER = "$(BUILT_PRODUCTS_DIR)/PartyRocketsMatome.app/PartyRocketsMatome";
				FRAMEWORK_SEARCH_PATHS = (
					"$(SDKROOT)/Developer/Library/Frameworks",
					"$(inherited)",
					"$(DEVELOPER_FRAMEWORKS_DIR)",
				);
				GCC_PRECOMPILE_PREFIX_HEADER = YES;
				GCC_PREFIX_HEADER = "PartyRocketsMatome/PartyRocketsMatome-Prefix.pch";
				GCC_PREPROCESSOR_DEFINITIONS = (
					"DEBUG=1",
					"$(inherited)",
				);
				INFOPLIST_FILE = "PartyRocketsMatomeTests/PartyRocketsMatomeTests-Info.plist";
				PRODUCT_NAME = "$(TARGET_NAME)";
				TEST_HOST = "$(BUNDLE_LOADER)";
				WRAPPER_EXTENSION = xctest;
			};
			name = Debug;
		};
		4DF1782C19B493A800B11DB6 /* Release */ = {
			isa = XCBuildConfiguration;
			buildSettings = {
				BUNDLE_LOADER = "$(BUILT_PRODUCTS_DIR)/PartyRocketsMatome.app/PartyRocketsMatome";
				FRAMEWORK_SEARCH_PATHS = (
					"$(SDKROOT)/Developer/Library/Frameworks",
					"$(inherited)",
					"$(DEVELOPER_FRAMEWORKS_DIR)",
				);
				GCC_PRECOMPILE_PREFIX_HEADER = YES;
				GCC_PREFIX_HEADER = "PartyRocketsMatome/PartyRocketsMatome-Prefix.pch";
				INFOPLIST_FILE = "PartyRocketsMatomeTests/PartyRocketsMatomeTests-Info.plist";
				PRODUCT_NAME = "$(TARGET_NAME)";
				TEST_HOST = "$(BUNDLE_LOADER)";
				WRAPPER_EXTENSION = xctest;
			};
			name = Release;
		};
/* End XCBuildConfiguration section */

/* Begin XCConfigurationList section */
		4DF177ED19B493A800B11DB6 /* Build configuration list for PBXProject "PartyRocketsMatome" */ = {
			isa = XCConfigurationList;
			buildConfigurations = (
				4DF1782519B493A800B11DB6 /* Debug */,
				4DF1782619B493A800B11DB6 /* Release */,
			);
			defaultConfigurationIsVisible = 0;
			defaultConfigurationName = Release;
		};
		4DF1782719B493A800B11DB6 /* Build configuration list for PBXNativeTarget "PartyRocketsMatome" */ = {
			isa = XCConfigurationList;
			buildConfigurations = (
				4DF1782819B493A800B11DB6 /* Debug */,
				4DF1782919B493A800B11DB6 /* Release */,
			);
			defaultConfigurationIsVisible = 0;
		};
		4DF1782A19B493A800B11DB6 /* Build configuration list for PBXNativeTarget "PartyRocketsMatomeTests" */ = {
			isa = XCConfigurationList;
			buildConfigurations = (
				4DF1782B19B493A800B11DB6 /* Debug */,
				4DF1782C19B493A800B11DB6 /* Release */,
			);
			defaultConfigurationIsVisible = 0;
		};
/* End XCConfigurationList section */
	};
	rootObject = 4DF177EA19B493A800B11DB6 /* Project object */;
}
