PODS:
  - AFNetworking (2.4.1):
    - AFNetworking/NSURLConnection (= 2.4.1)
    - AFNetworking/NSURLSession (= 2.4.1)
    - AFNetworking/Reachability (= 2.4.1)
    - AFNetworking/Security (= 2.4.1)
    - AFNetworking/Serialization (= 2.4.1)
    - AFNetworking/UIKit (= 2.4.1)
  - AFNetworking/NSURLConnection (2.4.1):
    - AFNetworking/Reachability
    - AFNetworking/Security
    - AFNetworking/Serialization
  - AFNetworking/NSURLSession (2.4.1):
    - AFNetworking/Reachability
    - AFNetworking/Security
    - AFNetworking/Serialization
  - AFNetworking/Reachability (2.4.1)
  - AFNetworking/Security (2.4.1)
  - AFNetworking/Serialization (2.4.1)
  - AFNetworking/UIKit (2.4.1):
    - AFNetworking/NSURLConnection
    - AFNetworking/NSURLSession
  - BlocksKit (2.2.5):
    - BlocksKit/All (= 2.2.5)
  - BlocksKit/All (2.2.5):
    - BlocksKit/Core
    - BlocksKit/DynamicDelegate
    - BlocksKit/MessageUI
    - BlocksKit/UIKit
  - BlocksKit/Core (2.2.5)
  - BlocksKit/DynamicDelegate (2.2.5)
  - BlocksKit/MessageUI (2.2.5):
    - BlocksKit/Core
    - BlocksKit/DynamicDelegate
  - BlocksKit/UIKit (2.2.5):
    - BlocksKit/Core
    - BlocksKit/DynamicDelegate
  - EGOTableViewPullRefreshAndLoadMore (1.0.4)
  - GoogleAnalytics-iOS-SDK (3.0.3)
  - KissXML (5.0)
  - NJKScrollFullScreen (0.2.3)
  - NJKWebViewProgress (0.2.3):
    - NJKWebViewProgress/Core (= 0.2.3)
    - NJKWebViewProgress/ProgressView (= 0.2.3)
  - NJKWebViewProgress/Core (0.2.3)
  - NJKWebViewProgress/ProgressView (0.2.3)
  - Objective-C-HMTL-Parser (0.0.1)

DEPENDENCIES:
  - AFNetworking (~> 2.0)
  - BlocksKit
  - EGOTableViewPullRefreshAndLoadMore
  - GoogleAnalytics-iOS-SDK (= 3.0.3)
  - KissXML
  - NJKScrollFullScreen
  - NJKWebViewProgress
  - Objective-C-HMTL-Parser

SPEC CHECKSUMS:
  AFNetworking: 41d45d2c14219af0fa5addf3cfd433a002c13c9f
  BlocksKit: 7f422b971407001178d181a43b99014ea2591fe6
  EGOTableViewPullRefreshAndLoadMore: 118a0824590db042d42e08fcc442b93cebf15e73
  GoogleAnalytics-iOS-SDK: dcd005926418f28144e9147bf8e393b3063b0066
  KissXML: ce643413d618ad69886d0d43c3792b7dedfe476e
  NJKScrollFullScreen: 5d80db85dc624aa28e81b7e2fee7975be6f308e1
  NJKWebViewProgress: f481fd424cb5ecc27eacae11b5397db92fba9a4d
  Objective-C-HMTL-Parser: cc468311d0ae434646c56aae3b62426977f19ca0

COCOAPODS: 0.38.2
